// !$*UTF8*$!
{
	archiveVersion = 1;
	classes = {
	};
	objectVersion = 46;
	objects = {

/* Begin PBXBuildFile section */
		481F9814F2404F238DC81687 /* libPods.a in Frameworks */ = {isa = PBXBuildFile; fileRef = DE83BFD06E1941738224FFF6 /* libPods.a */; };
		8DF569B11930321A0085EF05 /* Foundation.framework in Frameworks */ = {isa = PBXBuildFile; fileRef = 8DF569B01930321A0085EF05 /* Foundation.framework */; };
		8DF569B31930321A0085EF05 /* CoreGraphics.framework in Frameworks */ = {isa = PBXBuildFile; fileRef = 8DF569B21930321A0085EF05 /* CoreGraphics.framework */; };
		8DF569B51930321A0085EF05 /* UIKit.framework in Frameworks */ = {isa = PBXBuildFile; fileRef = 8DF569B41930321A0085EF05 /* UIKit.framework */; };
		8DF569BB1930321A0085EF05 /* InfoPlist.strings in Resources */ = {isa = PBXBuildFile; fileRef = 8DF569B91930321A0085EF05 /* InfoPlist.strings */; };
		8DF569BD1930321A0085EF05 /* main.m in Sources */ = {isa = PBXBuildFile; fileRef = 8DF569BC1930321A0085EF05 /* main.m */; };
		8DF569C11930321A0085EF05 /* AppDelegate.m in Sources */ = {isa = PBXBuildFile; fileRef = 8DF569C01930321A0085EF05 /* AppDelegate.m */; };
		8DF569C41930321A0085EF05 /* Main.storyboard in Resources */ = {isa = PBXBuildFile; fileRef = 8DF569C21930321A0085EF05 /* Main.storyboard */; };
		8DF569C91930321A0085EF05 /* Images.xcassets in Resources */ = {isa = PBXBuildFile; fileRef = 8DF569C81930321A0085EF05 /* Images.xcassets */; };
		8DF569D01930321A0085EF05 /* XCTest.framework in Frameworks */ = {isa = PBXBuildFile; fileRef = 8DF569CF1930321A0085EF05 /* XCTest.framework */; };
		8DF569D11930321A0085EF05 /* Foundation.framework in Frameworks */ = {isa = PBXBuildFile; fileRef = 8DF569B01930321A0085EF05 /* Foundation.framework */; };
		8DF569D21930321A0085EF05 /* UIKit.framework in Frameworks */ = {isa = PBXBuildFile; fileRef = 8DF569B41930321A0085EF05 /* UIKit.framework */; };
		8DF569DA1930321A0085EF05 /* InfoPlist.strings in Resources */ = {isa = PBXBuildFile; fileRef = 8DF569D81930321A0085EF05 /* InfoPlist.strings */; };
		8DF569DC1930321A0085EF05 /* RTTests.m in Sources */ = {isa = PBXBuildFile; fileRef = 8DF569DB1930321A0085EF05 /* RTTests.m */; };
		8DF569E71930336F0085EF05 /* RestaurantViewController.m in Sources */ = {isa = PBXBuildFile; fileRef = 8DF569E61930336F0085EF05 /* RestaurantViewController.m */; };
		8DF569E9193033B70085EF05 /* Parse.framework in Frameworks */ = {isa = PBXBuildFile; fileRef = 8DF569E8193033B70085EF05 /* Parse.framework */; };
		8DF569F4193036640085EF05 /* FacebookSDK.framework in Frameworks */ = {isa = PBXBuildFile; fileRef = 8DF569F3193036640085EF05 /* FacebookSDK.framework */; };
		8DF569F6193036770085EF05 /* Social.framework in Frameworks */ = {isa = PBXBuildFile; fileRef = 8DF569F5193036770085EF05 /* Social.framework */; };
		8DF569F81930367C0085EF05 /* Accounts.framework in Frameworks */ = {isa = PBXBuildFile; fileRef = 8DF569F71930367C0085EF05 /* Accounts.framework */; };
		8DF569FA193036D80085EF05 /* SystemConfiguration.framework in Frameworks */ = {isa = PBXBuildFile; fileRef = 8DF569F9193036D80085EF05 /* SystemConfiguration.framework */; };
		8DF569FC193036EA0085EF05 /* Security.framework in Frameworks */ = {isa = PBXBuildFile; fileRef = 8DF569FB193036EA0085EF05 /* Security.framework */; };
		8DF569FE193036F80085EF05 /* libz.1.1.3.dylib in Frameworks */ = {isa = PBXBuildFile; fileRef = 8DF569FD193036F80085EF05 /* libz.1.1.3.dylib */; };
		8DF56A00193037040085EF05 /* StoreKit.framework in Frameworks */ = {isa = PBXBuildFile; fileRef = 8DF569FF193037040085EF05 /* StoreKit.framework */; };
		8DF56A021930373F0085EF05 /* AudioToolbox.framework in Frameworks */ = {isa = PBXBuildFile; fileRef = 8DF56A011930373F0085EF05 /* AudioToolbox.framework */; };
		8DF56A041930374A0085EF05 /* CFNetwork.framework in Frameworks */ = {isa = PBXBuildFile; fileRef = 8DF56A031930374A0085EF05 /* CFNetwork.framework */; };
		8DF56A06193037650085EF05 /* CoreLocation.framework in Frameworks */ = {isa = PBXBuildFile; fileRef = 8DF56A05193037650085EF05 /* CoreLocation.framework */; };
		8DF56A081930376C0085EF05 /* MobileCoreServices.framework in Frameworks */ = {isa = PBXBuildFile; fileRef = 8DF56A071930376C0085EF05 /* MobileCoreServices.framework */; };
		8DF56A0A193037720085EF05 /* QuartzCore.framework in Frameworks */ = {isa = PBXBuildFile; fileRef = 8DF56A09193037720085EF05 /* QuartzCore.framework */; };
		8DF56A0D19303D050085EF05 /* LocationViewController.m in Sources */ = {isa = PBXBuildFile; fileRef = 8DF56A0C19303D050085EF05 /* LocationViewController.m */; };
		8DF56A13193045AB0085EF05 /* MenuViewController.m in Sources */ = {isa = PBXBuildFile; fileRef = 8DF56A12193045AB0085EF05 /* MenuViewController.m */; };
		8DF56A1519304BC20085EF05 /* iAd.framework in Frameworks */ = {isa = PBXBuildFile; fileRef = 8DF56A1419304BC20085EF05 /* iAd.framework */; };
		8DF56A1719304C070085EF05 /* AdSupport.framework in Frameworks */ = {isa = PBXBuildFile; fileRef = 8DF56A1619304C070085EF05 /* AdSupport.framework */; };
		8DF56A1A193280DE0085EF05 /* MenuListTableViewController.m in Sources */ = {isa = PBXBuildFile; fileRef = 8DF56A19193280DE0085EF05 /* MenuListTableViewController.m */; };
		8DF56A231932A6C70085EF05 /* Allpick.xcdatamodeld in Sources */ = {isa = PBXBuildFile; fileRef = 8DF56A211932A6C70085EF05 /* Allpick.xcdatamodeld */; };
		8DF56A261932A6F10085EF05 /* Cart.m in Sources */ = {isa = PBXBuildFile; fileRef = 8DF56A251932A6F10085EF05 /* Cart.m */; };
		8DF56A281932A7660085EF05 /* CoreData.framework in Frameworks */ = {isa = PBXBuildFile; fileRef = 8DF56A271932A7660085EF05 /* CoreData.framework */; };
/* End PBXBuildFile section */

/* Begin PBXContainerItemProxy section */
		8DF569D31930321A0085EF05 /* PBXContainerItemProxy */ = {
			isa = PBXContainerItemProxy;
			containerPortal = 8DF569A51930321A0085EF05 /* Project object */;
			proxyType = 1;
			remoteGlobalIDString = 8DF569AC1930321A0085EF05;
			remoteInfo = RT;
		};
/* End PBXContainerItemProxy section */

/* Begin PBXFileReference section */
		2E6C3F48934345D6B5FCAFFD /* Pods.xcconfig */ = {isa = PBXFileReference; includeInIndex = 1; lastKnownFileType = text.xcconfig; name = Pods.xcconfig; path = Pods/Pods.xcconfig; sourceTree = "<group>"; };
		8DF569AD1930321A0085EF05 /* Allpick.app */ = {isa = PBXFileReference; explicitFileType = wrapper.application; includeInIndex = 0; path = Allpick.app; sourceTree = BUILT_PRODUCTS_DIR; };
		8DF569B01930321A0085EF05 /* Foundation.framework */ = {isa = PBXFileReference; lastKnownFileType = wrapper.framework; name = Foundation.framework; path = System/Library/Frameworks/Foundation.framework; sourceTree = SDKROOT; };
		8DF569B21930321A0085EF05 /* CoreGraphics.framework */ = {isa = PBXFileReference; lastKnownFileType = wrapper.framework; name = CoreGraphics.framework; path = System/Library/Frameworks/CoreGraphics.framework; sourceTree = SDKROOT; };
		8DF569B41930321A0085EF05 /* UIKit.framework */ = {isa = PBXFileReference; lastKnownFileType = wrapper.framework; name = UIKit.framework; path = System/Library/Frameworks/UIKit.framework; sourceTree = SDKROOT; };
		8DF569B81930321A0085EF05 /* RT-Info.plist */ = {isa = PBXFileReference; lastKnownFileType = text.plist.xml; path = "RT-Info.plist"; sourceTree = "<group>"; };
		8DF569BA1930321A0085EF05 /* en */ = {isa = PBXFileReference; lastKnownFileType = text.plist.strings; name = en; path = en.lproj/InfoPlist.strings; sourceTree = "<group>"; };
		8DF569BC1930321A0085EF05 /* main.m */ = {isa = PBXFileReference; lastKnownFileType = sourcecode.c.objc; path = main.m; sourceTree = "<group>"; };
		8DF569BE1930321A0085EF05 /* RT-Prefix.pch */ = {isa = PBXFileReference; lastKnownFileType = sourcecode.c.h; path = "RT-Prefix.pch"; sourceTree = "<group>"; };
		8DF569BF1930321A0085EF05 /* AppDelegate.h */ = {isa = PBXFileReference; lastKnownFileType = sourcecode.c.h; path = AppDelegate.h; sourceTree = "<group>"; };
		8DF569C01930321A0085EF05 /* AppDelegate.m */ = {isa = PBXFileReference; lastKnownFileType = sourcecode.c.objc; path = AppDelegate.m; sourceTree = "<group>"; };
		8DF569C31930321A0085EF05 /* Base */ = {isa = PBXFileReference; lastKnownFileType = file.storyboard; name = Base; path = Base.lproj/Main.storyboard; sourceTree = "<group>"; };
		8DF569C81930321A0085EF05 /* Images.xcassets */ = {isa = PBXFileReference; lastKnownFileType = folder.assetcatalog; path = Images.xcassets; sourceTree = "<group>"; };
		8DF569CE1930321A0085EF05 /* RTTests.xctest */ = {isa = PBXFileReference; explicitFileType = wrapper.cfbundle; includeInIndex = 0; path = RTTests.xctest; sourceTree = BUILT_PRODUCTS_DIR; };
		8DF569CF1930321A0085EF05 /* XCTest.framework */ = {isa = PBXFileReference; lastKnownFileType = wrapper.framework; name = XCTest.framework; path = Library/Frameworks/XCTest.framework; sourceTree = DEVELOPER_DIR; };
		8DF569D71930321A0085EF05 /* RTTests-Info.plist */ = {isa = PBXFileReference; lastKnownFileType = text.plist.xml; path = "RTTests-Info.plist"; sourceTree = "<group>"; };
		8DF569D91930321A0085EF05 /* en */ = {isa = PBXFileReference; lastKnownFileType = text.plist.strings; name = en; path = en.lproj/InfoPlist.strings; sourceTree = "<group>"; };
		8DF569DB1930321A0085EF05 /* RTTests.m */ = {isa = PBXFileReference; lastKnownFileType = sourcecode.c.objc; path = RTTests.m; sourceTree = "<group>"; };
		8DF569E51930336F0085EF05 /* RestaurantViewController.h */ = {isa = PBXFileReference; fileEncoding = 4; lastKnownFileType = sourcecode.c.h; path = RestaurantViewController.h; sourceTree = "<group>"; };
		8DF569E61930336F0085EF05 /* RestaurantViewController.m */ = {isa = PBXFileReference; fileEncoding = 4; lastKnownFileType = sourcecode.c.objc; path = RestaurantViewController.m; sourceTree = "<group>"; };
		8DF569E8193033B70085EF05 /* Parse.framework */ = {isa = PBXFileReference; lastKnownFileType = wrapper.framework; path = Parse.framework; sourceTree = "<group>"; };
		8DF569F3193036640085EF05 /* FacebookSDK.framework */ = {isa = PBXFileReference; lastKnownFileType = wrapper.framework; path = FacebookSDK.framework; sourceTree = "<group>"; };
		8DF569F5193036770085EF05 /* Social.framework */ = {isa = PBXFileReference; lastKnownFileType = wrapper.framework; name = Social.framework; path = System/Library/Frameworks/Social.framework; sourceTree = SDKROOT; };
		8DF569F71930367C0085EF05 /* Accounts.framework */ = {isa = PBXFileReference; lastKnownFileType = wrapper.framework; name = Accounts.framework; path = System/Library/Frameworks/Accounts.framework; sourceTree = SDKROOT; };
		8DF569F9193036D80085EF05 /* SystemConfiguration.framework */ = {isa = PBXFileReference; lastKnownFileType = wrapper.framework; name = SystemConfiguration.framework; path = System/Library/Frameworks/SystemConfiguration.framework; sourceTree = SDKROOT; };
		8DF569FB193036EA0085EF05 /* Security.framework */ = {isa = PBXFileReference; lastKnownFileType = wrapper.framework; name = Security.framework; path = System/Library/Frameworks/Security.framework; sourceTree = SDKROOT; };
		8DF569FD193036F80085EF05 /* libz.1.1.3.dylib */ = {isa = PBXFileReference; lastKnownFileType = "compiled.mach-o.dylib"; name = libz.1.1.3.dylib; path = usr/lib/libz.1.1.3.dylib; sourceTree = SDKROOT; };
		8DF569FF193037040085EF05 /* StoreKit.framework */ = {isa = PBXFileReference; lastKnownFileType = wrapper.framework; name = StoreKit.framework; path = System/Library/Frameworks/StoreKit.framework; sourceTree = SDKROOT; };
		8DF56A011930373F0085EF05 /* AudioToolbox.framework */ = {isa = PBXFileReference; lastKnownFileType = wrapper.framework; name = AudioToolbox.framework; path = System/Library/Frameworks/AudioToolbox.framework; sourceTree = SDKROOT; };
		8DF56A031930374A0085EF05 /* CFNetwork.framework */ = {isa = PBXFileReference; lastKnownFileType = wrapper.framework; name = CFNetwork.framework; path = System/Library/Frameworks/CFNetwork.framework; sourceTree = SDKROOT; };
		8DF56A05193037650085EF05 /* CoreLocation.framework */ = {isa = PBXFileReference; lastKnownFileType = wrapper.framework; name = CoreLocation.framework; path = System/Library/Frameworks/CoreLocation.framework; sourceTree = SDKROOT; };
		8DF56A071930376C0085EF05 /* MobileCoreServices.framework */ = {isa = PBXFileReference; lastKnownFileType = wrapper.framework; name = MobileCoreServices.framework; path = System/Library/Frameworks/MobileCoreServices.framework; sourceTree = SDKROOT; };
		8DF56A09193037720085EF05 /* QuartzCore.framework */ = {isa = PBXFileReference; lastKnownFileType = wrapper.framework; name = QuartzCore.framework; path = System/Library/Frameworks/QuartzCore.framework; sourceTree = SDKROOT; };
		8DF56A0B19303D050085EF05 /* LocationViewController.h */ = {isa = PBXFileReference; fileEncoding = 4; lastKnownFileType = sourcecode.c.h; path = LocationViewController.h; sourceTree = "<group>"; };
		8DF56A0C19303D050085EF05 /* LocationViewController.m */ = {isa = PBXFileReference; fileEncoding = 4; lastKnownFileType = sourcecode.c.objc; path = LocationViewController.m; sourceTree = "<group>"; };
		8DF56A11193045AB0085EF05 /* MenuViewController.h */ = {isa = PBXFileReference; fileEncoding = 4; lastKnownFileType = sourcecode.c.h; path = MenuViewController.h; sourceTree = "<group>"; };
		8DF56A12193045AB0085EF05 /* MenuViewController.m */ = {isa = PBXFileReference; fileEncoding = 4; lastKnownFileType = sourcecode.c.objc; path = MenuViewController.m; sourceTree = "<group>"; };
		8DF56A1419304BC20085EF05 /* iAd.framework */ = {isa = PBXFileReference; lastKnownFileType = wrapper.framework; name = iAd.framework; path = System/Library/Frameworks/iAd.framework; sourceTree = SDKROOT; };
		8DF56A1619304C070085EF05 /* AdSupport.framework */ = {isa = PBXFileReference; lastKnownFileType = wrapper.framework; name = AdSupport.framework; path = System/Library/Frameworks/AdSupport.framework; sourceTree = SDKROOT; };
		8DF56A18193280DE0085EF05 /* MenuListTableViewController.h */ = {isa = PBXFileReference; fileEncoding = 4; lastKnownFileType = sourcecode.c.h; path = MenuListTableViewController.h; sourceTree = "<group>"; };
		8DF56A19193280DE0085EF05 /* MenuListTableViewController.m */ = {isa = PBXFileReference; fileEncoding = 4; lastKnownFileType = sourcecode.c.objc; path = MenuListTableViewController.m; sourceTree = "<group>"; };
		8DF56A221932A6C70085EF05 /* Allpick.xcdatamodel */ = {isa = PBXFileReference; lastKnownFileType = wrapper.xcdatamodel; path = Allpick.xcdatamodel; sourceTree = "<group>"; };
		8DF56A241932A6F10085EF05 /* Cart.h */ = {isa = PBXFileReference; fileEncoding = 4; lastKnownFileType = sourcecode.c.h; path = Cart.h; sourceTree = "<group>"; };
		8DF56A251932A6F10085EF05 /* Cart.m */ = {isa = PBXFileReference; fileEncoding = 4; lastKnownFileType = sourcecode.c.objc; path = Cart.m; sourceTree = "<group>"; };
		8DF56A271932A7660085EF05 /* CoreData.framework */ = {isa = PBXFileReference; lastKnownFileType = wrapper.framework; name = CoreData.framework; path = System/Library/Frameworks/CoreData.framework; sourceTree = SDKROOT; };
		DE83BFD06E1941738224FFF6 /* libPods.a */ = {isa = PBXFileReference; explicitFileType = archive.ar; includeInIndex = 0; path = libPods.a; sourceTree = BUILT_PRODUCTS_DIR; };
/* End PBXFileReference section */

/* Begin PBXFrameworksBuildPhase section */
		8DF569AA1930321A0085EF05 /* Frameworks */ = {
			isa = PBXFrameworksBuildPhase;
			buildActionMask = 2147483647;
			files = (
				8DF56A281932A7660085EF05 /* CoreData.framework in Frameworks */,
				8DF56A1719304C070085EF05 /* AdSupport.framework in Frameworks */,
				8DF56A1519304BC20085EF05 /* iAd.framework in Frameworks */,
				8DF56A0A193037720085EF05 /* QuartzCore.framework in Frameworks */,
				8DF56A081930376C0085EF05 /* MobileCoreServices.framework in Frameworks */,
				8DF56A06193037650085EF05 /* CoreLocation.framework in Frameworks */,
				8DF569B31930321A0085EF05 /* CoreGraphics.framework in Frameworks */,
				8DF56A041930374A0085EF05 /* CFNetwork.framework in Frameworks */,
				8DF56A021930373F0085EF05 /* AudioToolbox.framework in Frameworks */,
				8DF56A00193037040085EF05 /* StoreKit.framework in Frameworks */,
				8DF569FE193036F80085EF05 /* libz.1.1.3.dylib in Frameworks */,
				8DF569FC193036EA0085EF05 /* Security.framework in Frameworks */,
				8DF569FA193036D80085EF05 /* SystemConfiguration.framework in Frameworks */,
				8DF569F81930367C0085EF05 /* Accounts.framework in Frameworks */,
				8DF569F6193036770085EF05 /* Social.framework in Frameworks */,
				8DF569B51930321A0085EF05 /* UIKit.framework in Frameworks */,
				8DF569E9193033B70085EF05 /* Parse.framework in Frameworks */,
				8DF569B11930321A0085EF05 /* Foundation.framework in Frameworks */,
				481F9814F2404F238DC81687 /* libPods.a in Frameworks */,
				8DF569F4193036640085EF05 /* FacebookSDK.framework in Frameworks */,
			);
			runOnlyForDeploymentPostprocessing = 0;
		};
		8DF569CB1930321A0085EF05 /* Frameworks */ = {
			isa = PBXFrameworksBuildPhase;
			buildActionMask = 2147483647;
			files = (
				8DF569D01930321A0085EF05 /* XCTest.framework in Frameworks */,
				8DF569D21930321A0085EF05 /* UIKit.framework in Frameworks */,
				8DF569D11930321A0085EF05 /* Foundation.framework in Frameworks */,
			);
			runOnlyForDeploymentPostprocessing = 0;
		};
/* End PBXFrameworksBuildPhase section */

/* Begin PBXGroup section */
		8DF569A41930321A0085EF05 = {
			isa = PBXGroup;
			children = (
				8DF569B61930321A0085EF05 /* RT */,
				8DF569D51930321A0085EF05 /* RTTests */,
				8DF569AF1930321A0085EF05 /* Frameworks */,
				8DF569AE1930321A0085EF05 /* Products */,
				2E6C3F48934345D6B5FCAFFD /* Pods.xcconfig */,
			);
			sourceTree = "<group>";
		};
		8DF569AE1930321A0085EF05 /* Products */ = {
			isa = PBXGroup;
			children = (
				8DF569AD1930321A0085EF05 /* Allpick.app */,
				8DF569CE1930321A0085EF05 /* RTTests.xctest */,
			);
			name = Products;
			sourceTree = "<group>";
		};
		8DF569AF1930321A0085EF05 /* Frameworks */ = {
			isa = PBXGroup;
			children = (
				8DF56A271932A7660085EF05 /* CoreData.framework */,
				8DF56A1619304C070085EF05 /* AdSupport.framework */,
				8DF56A1419304BC20085EF05 /* iAd.framework */,
				8DF56A09193037720085EF05 /* QuartzCore.framework */,
				8DF56A071930376C0085EF05 /* MobileCoreServices.framework */,
				8DF56A05193037650085EF05 /* CoreLocation.framework */,
				8DF56A031930374A0085EF05 /* CFNetwork.framework */,
				8DF56A011930373F0085EF05 /* AudioToolbox.framework */,
				8DF569FF193037040085EF05 /* StoreKit.framework */,
				8DF569FD193036F80085EF05 /* libz.1.1.3.dylib */,
				8DF569FB193036EA0085EF05 /* Security.framework */,
				8DF569F9193036D80085EF05 /* SystemConfiguration.framework */,
				8DF569F71930367C0085EF05 /* Accounts.framework */,
				8DF569F5193036770085EF05 /* Social.framework */,
				8DF569F3193036640085EF05 /* FacebookSDK.framework */,
				8DF569E8193033B70085EF05 /* Parse.framework */,
				8DF569B01930321A0085EF05 /* Foundation.framework */,
				8DF569B21930321A0085EF05 /* CoreGraphics.framework */,
				8DF569B41930321A0085EF05 /* UIKit.framework */,
				8DF569CF1930321A0085EF05 /* XCTest.framework */,
				DE83BFD06E1941738224FFF6 /* libPods.a */,
			);
			name = Frameworks;
			sourceTree = "<group>";
		};
		8DF569B61930321A0085EF05 /* RT */ = {
			isa = PBXGroup;
			children = (
				8DF569BF1930321A0085EF05 /* AppDelegate.h */,
				8DF569C01930321A0085EF05 /* AppDelegate.m */,
				8DF569C21930321A0085EF05 /* Main.storyboard */,
				8DF56A211932A6C70085EF05 /* Allpick.xcdatamodeld */,
				8DF56A241932A6F10085EF05 /* Cart.h */,
				8DF56A251932A6F10085EF05 /* Cart.m */,
				8DF56A18193280DE0085EF05 /* MenuListTableViewController.h */,
				8DF56A19193280DE0085EF05 /* MenuListTableViewController.m */,
				8DF56A11193045AB0085EF05 /* MenuViewController.h */,
				8DF56A12193045AB0085EF05 /* MenuViewController.m */,
				8DF56A0B19303D050085EF05 /* LocationViewController.h */,
				8DF56A0C19303D050085EF05 /* LocationViewController.m */,
				8DF569E51930336F0085EF05 /* RestaurantViewController.h */,
				8DF569E61930336F0085EF05 /* RestaurantViewController.m */,
				8DF569C81930321A0085EF05 /* Images.xcassets */,
				8DF569B71930321A0085EF05 /* Supporting Files */,
			);
			path = RT;
			sourceTree = "<group>";
		};
		8DF569B71930321A0085EF05 /* Supporting Files */ = {
			isa = PBXGroup;
			children = (
				8DF569B81930321A0085EF05 /* RT-Info.plist */,
				8DF569B91930321A0085EF05 /* InfoPlist.strings */,
				8DF569BC1930321A0085EF05 /* main.m */,
				8DF569BE1930321A0085EF05 /* RT-Prefix.pch */,
			);
			name = "Supporting Files";
			sourceTree = "<group>";
		};
		8DF569D51930321A0085EF05 /* RTTests */ = {
			isa = PBXGroup;
			children = (
				8DF569DB1930321A0085EF05 /* RTTests.m */,
				8DF569D61930321A0085EF05 /* Supporting Files */,
			);
			path = RTTests;
			sourceTree = "<group>";
		};
		8DF569D61930321A0085EF05 /* Supporting Files */ = {
			isa = PBXGroup;
			children = (
				8DF569D71930321A0085EF05 /* RTTests-Info.plist */,
				8DF569D81930321A0085EF05 /* InfoPlist.strings */,
			);
			name = "Supporting Files";
			sourceTree = "<group>";
		};
/* End PBXGroup section */

/* Begin PBXNativeTarget section */
		8DF569AC1930321A0085EF05 /* RT */ = {
			isa = PBXNativeTarget;
			buildConfigurationList = 8DF569DF1930321A0085EF05 /* Build configuration list for PBXNativeTarget "RT" */;
			buildPhases = (
				FFCEF55745D04A4F88E7E8EF /* Check Pods Manifest.lock */,
				8DF569A91930321A0085EF05 /* Sources */,
				8DF569AA1930321A0085EF05 /* Frameworks */,
				8DF569AB1930321A0085EF05 /* Resources */,
				E14C7A13674447BBA5F859AD /* Copy Pods Resources */,
			);
			buildRules = (
			);
			dependencies = (
			);
			name = RT;
			productName = RT;
			productReference = 8DF569AD1930321A0085EF05 /* Allpick.app */;
			productType = "com.apple.product-type.application";
		};
		8DF569CD1930321A0085EF05 /* RTTests */ = {
			isa = PBXNativeTarget;
			buildConfigurationList = 8DF569E21930321A0085EF05 /* Build configuration list for PBXNativeTarget "RTTests" */;
			buildPhases = (
				8DF569CA1930321A0085EF05 /* Sources */,
				8DF569CB1930321A0085EF05 /* Frameworks */,
				8DF569CC1930321A0085EF05 /* Resources */,
			);
			buildRules = (
			);
			dependencies = (
				8DF569D41930321A0085EF05 /* PBXTargetDependency */,
			);
			name = RTTests;
			productName = RTTests;
			productReference = 8DF569CE1930321A0085EF05 /* RTTests.xctest */;
			productType = "com.apple.product-type.bundle.unit-test";
		};
/* End PBXNativeTarget section */

/* Begin PBXProject section */
		8DF569A51930321A0085EF05 /* Project object */ = {
			isa = PBXProject;
			attributes = {
				LastUpgradeCheck = 0510;
				ORGANIZATIONNAME = telerik;
				TargetAttributes = {
					8DF569CD1930321A0085EF05 = {
						TestTargetID = 8DF569AC1930321A0085EF05;
					};
				};
			};
			buildConfigurationList = 8DF569A81930321A0085EF05 /* Build configuration list for PBXProject "RT" */;
			compatibilityVersion = "Xcode 3.2";
			developmentRegion = English;
			hasScannedForEncodings = 0;
			knownRegions = (
				en,
				Base,
			);
			mainGroup = 8DF569A41930321A0085EF05;
			productRefGroup = 8DF569AE1930321A0085EF05 /* Products */;
			projectDirPath = "";
			projectRoot = "";
			targets = (
				8DF569AC1930321A0085EF05 /* RT */,
				8DF569CD1930321A0085EF05 /* RTTests */,
			);
		};
/* End PBXProject section */

/* Begin PBXResourcesBuildPhase section */
		8DF569AB1930321A0085EF05 /* Resources */ = {
			isa = PBXResourcesBuildPhase;
			buildActionMask = 2147483647;
			files = (
				8DF569C91930321A0085EF05 /* Images.xcassets in Resources */,
				8DF569BB1930321A0085EF05 /* InfoPlist.strings in Resources */,
				8DF569C41930321A0085EF05 /* Main.storyboard in Resources */,
			);
			runOnlyForDeploymentPostprocessing = 0;
		};
		8DF569CC1930321A0085EF05 /* Resources */ = {
			isa = PBXResourcesBuildPhase;
			buildActionMask = 2147483647;
			files = (
				8DF569DA1930321A0085EF05 /* InfoPlist.strings in Resources */,
			);
			runOnlyForDeploymentPostprocessing = 0;
		};
/* End PBXResourcesBuildPhase section */

/* Begin PBXShellScriptBuildPhase section */
		E14C7A13674447BBA5F859AD /* Copy Pods Resources */ = {
			isa = PBXShellScriptBuildPhase;
			buildActionMask = 2147483647;
			files = (
			);
			inputPaths = (
			);
			name = "Copy Pods Resources";
			outputPaths = (
			);
			runOnlyForDeploymentPostprocessing = 0;
			shellPath = /bin/sh;
			shellScript = "\"${SRCROOT}/Pods/Pods-resources.sh\"\n";
			showEnvVarsInLog = 0;
		};
		FFCEF55745D04A4F88E7E8EF /* Check Pods Manifest.lock */ = {
			isa = PBXShellScriptBuildPhase;
			buildActionMask = 2147483647;
			files = (
			);
			inputPaths = (
			);
			name = "Check Pods Manifest.lock";
			outputPaths = (
			);
			runOnlyForDeploymentPostprocessing = 0;
			shellPath = /bin/sh;
			shellScript = "diff \"${PODS_ROOT}/../Podfile.lock\" \"${PODS_ROOT}/Manifest.lock\" > /dev/null\nif [[ $? != 0 ]] ; then\n    cat << EOM\nerror: The sandbox is not in sync with the Podfile.lock. Run 'pod install' or update your CocoaPods installation.\nEOM\n    exit 1\nfi\n";
			showEnvVarsInLog = 0;
		};
/* End PBXShellScriptBuildPhase section */

/* Begin PBXSourcesBuildPhase section */
		8DF569A91930321A0085EF05 /* Sources */ = {
			isa = PBXSourcesBuildPhase;
			buildActionMask = 2147483647;
			files = (
				8DF569E71930336F0085EF05 /* RestaurantViewController.m in Sources */,
				8DF569C11930321A0085EF05 /* AppDelegate.m in Sources */,
				8DF56A231932A6C70085EF05 /* Allpick.xcdatamodeld in Sources */,
				8DF56A261932A6F10085EF05 /* Cart.m in Sources */,
				8DF569BD1930321A0085EF05 /* main.m in Sources */,
				8DF56A0D19303D050085EF05 /* LocationViewController.m in Sources */,
				8DF56A1A193280DE0085EF05 /* MenuListTableViewController.m in Sources */,
				8DF56A13193045AB0085EF05 /* MenuViewController.m in Sources */,
			);
			runOnlyForDeploymentPostprocessing = 0;
		};
		8DF569CA1930321A0085EF05 /* Sources */ = {
			isa = PBXSourcesBuildPhase;
			buildActionMask = 2147483647;
			files = (
				8DF569DC1930321A0085EF05 /* RTTests.m in Sources */,
			);
			runOnlyForDeploymentPostprocessing = 0;
		};
/* End PBXSourcesBuildPhase section */

/* Begin PBXTargetDependency section */
		8DF569D41930321A0085EF05 /* PBXTargetDependency */ = {
			isa = PBXTargetDependency;
			target = 8DF569AC1930321A0085EF05 /* RT */;
			targetProxy = 8DF569D31930321A0085EF05 /* PBXContainerItemProxy */;
		};
/* End PBXTargetDependency section */

/* Begin PBXVariantGroup section */
		8DF569B91930321A0085EF05 /* InfoPlist.strings */ = {
			isa = PBXVariantGroup;
			children = (
				8DF569BA1930321A0085EF05 /* en */,
			);
			name = InfoPlist.strings;
			sourceTree = "<group>";
		};
		8DF569C21930321A0085EF05 /* Main.storyboard */ = {
			isa = PBXVariantGroup;
			children = (
				8DF569C31930321A0085EF05 /* Base */,
			);
			name = Main.storyboard;
			sourceTree = "<group>";
		};
		8DF569D81930321A0085EF05 /* InfoPlist.strings */ = {
			isa = PBXVariantGroup;
			children = (
				8DF569D91930321A0085EF05 /* en */,
			);
			name = InfoPlist.strings;
			sourceTree = "<group>";
		};
/* End PBXVariantGroup section */

/* Begin XCBuildConfiguration section */
		8DF569DD1930321A0085EF05 /* Debug */ = {
			isa = XCBuildConfiguration;
			buildSettings = {
				ALWAYS_SEARCH_USER_PATHS = NO;
				CLANG_CXX_LANGUAGE_STANDARD = "gnu++0x";
				CLANG_CXX_LIBRARY = "libc++";
				CLANG_ENABLE_MODULES = YES;
				CLANG_ENABLE_OBJC_ARC = YES;
				CLANG_WARN_BOOL_CONVERSION = YES;
				CLANG_WARN_CONSTANT_CONVERSION = YES;
				CLANG_WARN_DIRECT_OBJC_ISA_USAGE = YES_ERROR;
				CLANG_WARN_EMPTY_BODY = YES;
				CLANG_WARN_ENUM_CONVERSION = YES;
				CLANG_WARN_INT_CONVERSION = YES;
				CLANG_WARN_OBJC_ROOT_CLASS = YES_ERROR;
				CLANG_WARN__DUPLICATE_METHOD_MATCH = YES;
				"CODE_SIGN_IDENTITY[sdk=iphoneos*]" = "iPhone Developer";
				COPY_PHASE_STRIP = NO;
				GCC_C_LANGUAGE_STANDARD = gnu99;
				GCC_DYNAMIC_NO_PIC = NO;
				GCC_OPTIMIZATION_LEVEL = 0;
				GCC_PREPROCESSOR_DEFINITIONS = (
					"DEBUG=1",
					"$(inherited)",
				);
				GCC_SYMBOLS_PRIVATE_EXTERN = NO;
				GCC_WARN_64_TO_32_BIT_CONVERSION = YES;
				GCC_WARN_ABOUT_RETURN_TYPE = YES_ERROR;
				GCC_WARN_UNDECLARED_SELECTOR = YES;
				GCC_WARN_UNINITIALIZED_AUTOS = YES_AGGRESSIVE;
				GCC_WARN_UNUSED_FUNCTION = YES;
				GCC_WARN_UNUSED_VARIABLE = YES;
				IPHONEOS_DEPLOYMENT_TARGET = 7.1;
				ONLY_ACTIVE_ARCH = YES;
				SDKROOT = iphoneos;
			};
			name = Debug;
		};
		8DF569DE1930321A0085EF05 /* Release */ = {
			isa = XCBuildConfiguration;
			buildSettings = {
				ALWAYS_SEARCH_USER_PATHS = NO;
				CLANG_CXX_LANGUAGE_STANDARD = "gnu++0x";
				CLANG_CXX_LIBRARY = "libc++";
				CLANG_ENABLE_MODULES = YES;
				CLANG_ENABLE_OBJC_ARC = YES;
				CLANG_WARN_BOOL_CONVERSION = YES;
				CLANG_WARN_CONSTANT_CONVERSION = YES;
				CLANG_WARN_DIRECT_OBJC_ISA_USAGE = YES_ERROR;
				CLANG_WARN_EMPTY_BODY = YES;
				CLANG_WARN_ENUM_CONVERSION = YES;
				CLANG_WARN_INT_CONVERSION = YES;
				CLANG_WARN_OBJC_ROOT_CLASS = YES_ERROR;
				CLANG_WARN__DUPLICATE_METHOD_MATCH = YES;
				"CODE_SIGN_IDENTITY[sdk=iphoneos*]" = "iPhone Developer";
				COPY_PHASE_STRIP = YES;
				ENABLE_NS_ASSERTIONS = NO;
				GCC_C_LANGUAGE_STANDARD = gnu99;
				GCC_WARN_64_TO_32_BIT_CONVERSION = YES;
				GCC_WARN_ABOUT_RETURN_TYPE = YES_ERROR;
				GCC_WARN_UNDECLARED_SELECTOR = YES;
				GCC_WARN_UNINITIALIZED_AUTOS = YES_AGGRESSIVE;
				GCC_WARN_UNUSED_FUNCTION = YES;
				GCC_WARN_UNUSED_VARIABLE = YES;
				IPHONEOS_DEPLOYMENT_TARGET = 7.1;
				SDKROOT = iphoneos;
				VALIDATE_PRODUCT = YES;
			};
			name = Release;
		};
		8DF569E01930321A0085EF05 /* Debug */ = {
			isa = XCBuildConfiguration;
			baseConfigurationReference = 2E6C3F48934345D6B5FCAFFD /* Pods.xcconfig */;
			buildSettings = {
				ASSETCATALOG_COMPILER_APPICON_NAME = AppIcon;
				ASSETCATALOG_COMPILER_LAUNCHIMAGE_NAME = LaunchImage;
				FRAMEWORK_SEARCH_PATHS = (
					"$(inherited)",
					"$(PROJECT_DIR)",
				);
				GCC_PRECOMPILE_PREFIX_HEADER = YES;
				GCC_PREFIX_HEADER = "RT/RT-Prefix.pch";
				INFOPLIST_FILE = "RT/RT-Info.plist";
				PRODUCT_NAME = Allpick;
				WRAPPER_EXTENSION = app;
			};
			name = Debug;
		};
		8DF569E11930321A0085EF05 /* Release */ = {
			isa = XCBuildConfiguration;
			baseConfigurationReference = 2E6C3F48934345D6B5FCAFFD /* Pods.xcconfig */;
			buildSettings = {
				ASSETCATALOG_COMPILER_APPICON_NAME = AppIcon;
				ASSETCATALOG_COMPILER_LAUNCHIMAGE_NAME = LaunchImage;
				FRAMEWORK_SEARCH_PATHS = (
					"$(inherited)",
					"$(PROJECT_DIR)",
				);
				GCC_PRECOMPILE_PREFIX_HEADER = YES;
				GCC_PREFIX_HEADER = "RT/RT-Prefix.pch";
				INFOPLIST_FILE = "RT/RT-Info.plist";
				PRODUCT_NAME = Allpick;
				PROVISIONING_PROFILE = "CB880AEA-2137-4000-B5CD-301BC8E32A06";
				WRAPPER_EXTENSION = app;
			};
			name = Release;
		};
		8DF569E31930321A0085EF05 /* Debug */ = {
			isa = XCBuildConfiguration;
			buildSettings = {
				BUNDLE_LOADER = "$(BUILT_PRODUCTS_DIR)/RT.app/RT";
				FRAMEWORK_SEARCH_PATHS = (
					"$(SDKROOT)/Developer/Library/Frameworks",
					"$(inherited)",
					"$(DEVELOPER_FRAMEWORKS_DIR)",
				);
				GCC_PRECOMPILE_PREFIX_HEADER = YES;
				GCC_PREFIX_HEADER = "RT/RT-Prefix.pch";
				GCC_PREPROCESSOR_DEFINITIONS = (
					"DEBUG=1",
					"$(inherited)",
				);
				INFOPLIST_FILE = "RTTests/RTTests-Info.plist";
				PRODUCT_NAME = "$(TARGET_NAME)";
				TEST_HOST = "$(BUNDLE_LOADER)";
				WRAPPER_EXTENSION = xctest;
			};
			name = Debug;
		};
		8DF569E41930321A0085EF05 /* Release */ = {
			isa = XCBuildConfiguration;
			buildSettings = {
				BUNDLE_LOADER = "$(BUILT_PRODUCTS_DIR)/RT.app/RT";
				FRAMEWORK_SEARCH_PATHS = (
					"$(SDKROOT)/Developer/Library/Frameworks",
					"$(inherited)",
					"$(DEVELOPER_FRAMEWORKS_DIR)",
				);
				GCC_PRECOMPILE_PREFIX_HEADER = YES;
				GCC_PREFIX_HEADER = "RT/RT-Prefix.pch";
				INFOPLIST_FILE = "RTTests/RTTests-Info.plist";
				PRODUCT_NAME = "$(TARGET_NAME)";
				TEST_HOST = "$(BUNDLE_LOADER)";
				WRAPPER_EXTENSION = xctest;
			};
			name = Release;
		};
/* End XCBuildConfiguration section */

/* Begin XCConfigurationList section */
		8DF569A81930321A0085EF05 /* Build configuration list for PBXProject "RT" */ = {
			isa = XCConfigurationList;
			buildConfigurations = (
				8DF569DD1930321A0085EF05 /* Debug */,
				8DF569DE1930321A0085EF05 /* Release */,
			);
			defaultConfigurationIsVisible = 0;
			defaultConfigurationName = Release;
		};
		8DF569DF1930321A0085EF05 /* Build configuration list for PBXNativeTarget "RT" */ = {
			isa = XCConfigurationList;
			buildConfigurations = (
				8DF569E01930321A0085EF05 /* Debug */,
				8DF569E11930321A0085EF05 /* Release */,
			);
			defaultConfigurationIsVisible = 0;
			defaultConfigurationName = Release;
		};
		8DF569E21930321A0085EF05 /* Build configuration list for PBXNativeTarget "RTTests" */ = {
			isa = XCConfigurationList;
			buildConfigurations = (
				8DF569E31930321A0085EF05 /* Debug */,
				8DF569E41930321A0085EF05 /* Release */,
			);
			defaultConfigurationIsVisible = 0;
			defaultConfigurationName = Release;
		};
/* End XCConfigurationList section */

/* Begin XCVersionGroup section */
		8DF56A211932A6C70085EF05 /* Allpick.xcdatamodeld */ = {
			isa = XCVersionGroup;
			children = (
				8DF56A221932A6C70085EF05 /* Allpick.xcdatamodel */,
			);
			currentVersion = 8DF56A221932A6C70085EF05 /* Allpick.xcdatamodel */;
			path = Allpick.xcdatamodeld;
			sourceTree = "<group>";
			versionGroupType = wrapper.xcdatamodel;
		};
/* End XCVersionGroup section */
	};
	rootObject = 8DF569A51930321A0085EF05 /* Project object */;
}
